{
  "name": "openapi",
  "lockfileVersion": 3,
  "requires": true,
  "packages": {
    "": {
      "license": "GPL-3.0",
      "dependencies": {
        "swagger-ui-dist": "^5.9.1"
      }
    },
    "node_modules/swagger-ui-dist": {
      "version": "5.9.1",
      "resolved": "https://registry.npmjs.org/swagger-ui-dist/-/swagger-ui-dist-5.9.1.tgz",
      "integrity": "sha512-5zAx+hUwJb9T3EAntc7TqYkV716CMqG6sZpNlAAMOMWkNXRYxGkN8ADIvD55dQZ10LxN90ZM/TQmN7y1gpICnw=="
    }
  }
}
